
Microsoft Visual Studio Solution File, Format Version 12.00
# Visual Studio Version 16
VisualStudioVersion = 16.0.29609.76
MinimumVisualStudioVersion = 10.0.40219.1
Project("{FAE04EC0-301F-11D3-BF4B-00C04F79EFBC}") = "WpfExercises", "WpfExercises\WpfExercises.csproj", "{C65B51D6-65D5-44ED-B886-7E612DD84B7A}"
EndProject
Global
	GlobalSection(SolutionConfigurationPlatforms) = preSolution
		Debug|Any CPU = Debug|Any CPU
		Release|Any CPU = Release|Any CPU
	EndGlobalSection
	GlobalSection(ProjectConfigurationPlatforms) = postSolution
		{C65B51D6-65D5-44ED-B886-7E612DD84B7A}.Debug|Any CPU.ActiveCfg = Debug|Any CPU
		{C65B51D6-65D5-44ED-B886-7E612DD84B7A}.Debug|Any CPU.Build.0 = Debug|Any CPU
		{C65B51D6-65D5-44ED-B886-7E612DD84B7A}.Release|Any CPU.ActiveCfg = Release|Any CPU
		{C65B51D6-65D5-44ED-B886-7E612DD84B7A}.Release|Any CPU.Build.0 = Release|Any CPU
	EndGlobalSection
	GlobalSection(SolutionProperties) = preSolution
		HideSolutionNode = FALSE
	EndGlobalSection
	GlobalSection(ExtensibilityGlobals) = postSolution
		SolutionGuid = {05EA2B58-B5E5-4871-B15E-F6DBD6B81F21}
	EndGlobalSection
EndGlobal
